
Microsoft Visual Studio Solution File, Format Version 11.00
# Visual Studio 2010
Project("{FAE04EC0-301F-11D3-BF4B-00C04F79EFBC}") = "Assembly-CSharp", "Assembly-CSharp.csproj", "{AF04C7F0-FF40-D173-D01D-4FFBCFDA38D0}"
EndProject
Global
	GlobalSection(SolutionConfigurationPlatforms) = preSolution
		Debug|Any CPU = Debug|Any CPU
		Release|Any CPU = Release|Any CPU
	EndGlobalSection
	GlobalSection(ProjectConfigurationPlatforms) = postSolution
		{AF04C7F0-FF40-D173-D01D-4FFBCFDA38D0}.Debug|Any CPU.ActiveCfg = Debug|Any CPU
		{AF04C7F0-FF40-D173-D01D-4FFBCFDA38D0}.Debug|Any CPU.Build.0 = Debug|Any CPU
		{AF04C7F0-FF40-D173-D01D-4FFBCFDA38D0}.Release|Any CPU.ActiveCfg = Release|Any CPU
		{AF04C7F0-FF40-D173-D01D-4FFBCFDA38D0}.Release|Any CPU.Build.0 = Release|Any CPU
	EndGlobalSection
	GlobalSection(SolutionProperties) = preSolution
		HideSolutionNode = FALSE
	EndGlobalSection
EndGlobal
